
Microsoft Visual Studio Solution File, Format Version 12.00
# Visual Studio 15
VisualStudioVersion = 15.0.27004.2010
MinimumVisualStudioVersion = 10.0.40219.1
Project("{FAE04EC0-301F-11D3-BF4B-00C04F79EFBC}") = "SmallChain", "SmallChain\SmallChain.csproj", "{73F1CEF2-FA43-4D80-A8C3-119FC34CCB5F}"
EndProject
Global
	GlobalSection(SolutionConfigurationPlatforms) = preSolution
		Debug|Any CPU = Debug|Any CPU
		Release|Any CPU = Release|Any CPU
	EndGlobalSection
	GlobalSection(ProjectConfigurationPlatforms) = postSolution
		{73F1CEF2-FA43-4D80-A8C3-119FC34CCB5F}.Debug|Any CPU.ActiveCfg = Debug|Any CPU
		{73F1CEF2-FA43-4D80-A8C3-119FC34CCB5F}.Debug|Any CPU.Build.0 = Debug|Any CPU
		{73F1CEF2-FA43-4D80-A8C3-119FC34CCB5F}.Release|Any CPU.ActiveCfg = Release|Any CPU
		{73F1CEF2-FA43-4D80-A8C3-119FC34CCB5F}.Release|Any CPU.Build.0 = Release|Any CPU
	EndGlobalSection
	GlobalSection(SolutionProperties) = preSolution
		HideSolutionNode = FALSE
	EndGlobalSection
	GlobalSection(ExtensibilityGlobals) = postSolution
		SolutionGuid = {779FE501-C7A9-453C-B7F3-DFD9EA91A9B7}
	EndGlobalSection
EndGlobal
